
Microsoft Visual Studio Solution File, Format Version 12.00
# Visual Studio Version 17
VisualStudioVersion = 17.5.33530.505
MinimumVisualStudioVersion = 10.0.40219.1
Project("{8BC9CEB8-8B4A-11D0-8D11-00A0C91BC942}") = "DriveAndAvoid", "DriveAndAvoid\DriveAndAvoid.vcxproj", "{A3B1386F-0203-4CD3-9F2D-84DD98938D38}"
EndProject
Global
	GlobalSection(SolutionConfigurationPlatforms) = preSolution
		Debug|x64 = Debug|x64
		Debug|x86 = Debug|x86
		Release|x64 = Release|x64
		Release|x86 = Release|x86
	EndGlobalSection
	GlobalSection(ProjectConfigurationPlatforms) = postSolution
		{A3B1386F-0203-4CD3-9F2D-84DD98938D38}.Debug|x64.ActiveCfg = Debug|x64
		{A3B1386F-0203-4CD3-9F2D-84DD98938D38}.Debug|x64.Build.0 = Debug|x64
		{A3B1386F-0203-4CD3-9F2D-84DD98938D38}.Debug|x86.ActiveCfg = Debug|Win32
		{A3B1386F-0203-4CD3-9F2D-84DD98938D38}.Debug|x86.Build.0 = Debug|Win32
		{A3B1386F-0203-4CD3-9F2D-84DD98938D38}.Release|x64.ActiveCfg = Release|x64
		{A3B1386F-0203-4CD3-9F2D-84DD98938D38}.Release|x64.Build.0 = Release|x64
		{A3B1386F-0203-4CD3-9F2D-84DD98938D38}.Release|x86.ActiveCfg = Release|Win32
		{A3B1386F-0203-4CD3-9F2D-84DD98938D38}.Release|x86.Build.0 = Release|Win32
	EndGlobalSection
	GlobalSection(SolutionProperties) = preSolution
		HideSolutionNode = FALSE
	EndGlobalSection
	GlobalSection(ExtensibilityGlobals) = postSolution
		SolutionGuid = {A3C1C5EE-F6D1-4C0C-8F97-4B94BFFC9745}
	EndGlobalSection
EndGlobal
